// !$*UTF8*$!
{
	archiveVersion = 1;
	classes = {
	};
	objectVersion = 48;
	objects = {

/* Begin PBXBuildFile section */
		FC0C362C206AD27B00E1B0BA /* AppDelegate.swift in Sources */ = {isa = PBXBuildFile; fileRef = FC0C362B206AD27B00E1B0BA /* AppDelegate.swift */; };
		FC0C3631206AD27B00E1B0BA /* Homescreen.storyboard in Resources */ = {isa = PBXBuildFile; fileRef = FC0C362F206AD27B00E1B0BA /* Homescreen.storyboard */; };
		FC0C3633206AD27B00E1B0BA /* Assets.xcassets in Resources */ = {isa = PBXBuildFile; fileRef = FC0C3632206AD27B00E1B0BA /* Assets.xcassets */; };
		FC0C3636206AD27B00E1B0BA /* LaunchScreen.storyboard in Resources */ = {isa = PBXBuildFile; fileRef = FC0C3634206AD27B00E1B0BA /* LaunchScreen.storyboard */; };
		FC192207208BAFF400B2F782 /* HomeViewController.swift in Sources */ = {isa = PBXBuildFile; fileRef = FC192206208BAFF400B2F782 /* HomeViewController.swift */; };
		FC192217208BB3DF00B2F782 /* ScoreKeeperViewController.swift in Sources */ = {isa = PBXBuildFile; fileRef = FC192216208BB3DF00B2F782 /* ScoreKeeperViewController.swift */; };
		FC19221F208BBF9900B2F782 /* pig-1.png in Resources */ = {isa = PBXBuildFile; fileRef = FC192219208BBF9800B2F782 /* pig-1.png */; };
		FC192220208BBF9900B2F782 /* pig-4.png in Resources */ = {isa = PBXBuildFile; fileRef = FC19221A208BBF9800B2F782 /* pig-4.png */; };
		FC192221208BBF9900B2F782 /* pig-2.png in Resources */ = {isa = PBXBuildFile; fileRef = FC19221B208BBF9900B2F782 /* pig-2.png */; };
		FC192222208BBF9900B2F782 /* pig-3.png in Resources */ = {isa = PBXBuildFile; fileRef = FC19221C208BBF9900B2F782 /* pig-3.png */; };
		FC192223208BBF9900B2F782 /* pig-5.png in Resources */ = {isa = PBXBuildFile; fileRef = FC19221D208BBF9900B2F782 /* pig-5.png */; };
		FC192224208BBF9900B2F782 /* pig-6.png in Resources */ = {isa = PBXBuildFile; fileRef = FC19221E208BBF9900B2F782 /* pig-6.png */; };
		FC192226208BC67700B2F782 /* GameLogic.swift in Sources */ = {isa = PBXBuildFile; fileRef = FC192225208BC67700B2F782 /* GameLogic.swift */; };
		FC192231208BF4F500B2F782 /* DataHandler.m in Sources */ = {isa = PBXBuildFile; fileRef = FC192229208BF4F400B2F782 /* DataHandler.m */; };
		FC192232208BF4F500B2F782 /* UserCell.m in Sources */ = {isa = PBXBuildFile; fileRef = FC19222D208BF4F400B2F782 /* UserCell.m */; };
		FC192233208BF4F500B2F782 /* Player.m in Sources */ = {isa = PBXBuildFile; fileRef = FC19222E208BF4F400B2F782 /* Player.m */; };
		FC192234208BF4F500B2F782 /* GameDatabase.db in Resources */ = {isa = PBXBuildFile; fileRef = FC192230208BF4F500B2F782 /* GameDatabase.db */; };
		FC690FDE208F80A5006E278D /* HapticFeedback.swift in Sources */ = {isa = PBXBuildFile; fileRef = FC690FDD208F80A5006E278D /* HapticFeedback.swift */; };
		FC690FE2208F896B006E278D /* pig.scn in Resources */ = {isa = PBXBuildFile; fileRef = FC690FE0208F896B006E278D /* pig.scn */; };
		FC690FE3208F896B006E278D /* pig.png in Resources */ = {isa = PBXBuildFile; fileRef = FC690FE1208F896B006E278D /* pig.png */; };
		FC690FE5208F8972006E278D /* AugmentedReality_VC.swift in Sources */ = {isa = PBXBuildFile; fileRef = FC690FE4208F8972006E278D /* AugmentedReality_VC.swift */; };
		FC690FE7208F8ECD006E278D /* ComputerPlayerViewController.swift in Sources */ = {isa = PBXBuildFile; fileRef = FC690FE6208F8ECD006E278D /* ComputerPlayerViewController.swift */; };
/* End PBXBuildFile section */

/* Begin PBXFileReference section */
		FC0C3628206AD27B00E1B0BA /* AnimalRollers.app */ = {isa = PBXFileReference; explicitFileType = wrapper.application; includeInIndex = 0; path = AnimalRollers.app; sourceTree = BUILT_PRODUCTS_DIR; };
		FC0C362B206AD27B00E1B0BA /* AppDelegate.swift */ = {isa = PBXFileReference; lastKnownFileType = sourcecode.swift; path = AppDelegate.swift; sourceTree = "<group>"; };
		FC0C3630206AD27B00E1B0BA /* Base */ = {isa = PBXFileReference; lastKnownFileType = file.storyboard; name = Base; path = Base.lproj/Homescreen.storyboard; sourceTree = "<group>"; };
		FC0C3632206AD27B00E1B0BA /* Assets.xcassets */ = {isa = PBXFileReference; lastKnownFileType = folder.assetcatalog; path = Assets.xcassets; sourceTree = "<group>"; };
		FC0C3635206AD27B00E1B0BA /* Base */ = {isa = PBXFileReference; lastKnownFileType = file.storyboard; name = Base; path = Base.lproj/LaunchScreen.storyboard; sourceTree = "<group>"; };
		FC0C3637206AD27B00E1B0BA /* Info.plist */ = {isa = PBXFileReference; lastKnownFileType = text.plist.xml; path = Info.plist; sourceTree = "<group>"; };
		FC192206208BAFF400B2F782 /* HomeViewController.swift */ = {isa = PBXFileReference; lastKnownFileType = sourcecode.swift; path = HomeViewController.swift; sourceTree = "<group>"; };
		FC192216208BB3DF00B2F782 /* ScoreKeeperViewController.swift */ = {isa = PBXFileReference; lastKnownFileType = sourcecode.swift; path = ScoreKeeperViewController.swift; sourceTree = "<group>"; };
		FC192219208BBF9800B2F782 /* pig-1.png */ = {isa = PBXFileReference; lastKnownFileType = image.png; path = "pig-1.png"; sourceTree = "<group>"; };
		FC19221A208BBF9800B2F782 /* pig-4.png */ = {isa = PBXFileReference; lastKnownFileType = image.png; path = "pig-4.png"; sourceTree = "<group>"; };
		FC19221B208BBF9900B2F782 /* pig-2.png */ = {isa = PBXFileReference; lastKnownFileType = image.png; path = "pig-2.png"; sourceTree = "<group>"; };
		FC19221C208BBF9900B2F782 /* pig-3.png */ = {isa = PBXFileReference; lastKnownFileType = image.png; path = "pig-3.png"; sourceTree = "<group>"; };
		FC19221D208BBF9900B2F782 /* pig-5.png */ = {isa = PBXFileReference; lastKnownFileType = image.png; path = "pig-5.png"; sourceTree = "<group>"; };
		FC19221E208BBF9900B2F782 /* pig-6.png */ = {isa = PBXFileReference; lastKnownFileType = image.png; path = "pig-6.png"; sourceTree = "<group>"; };
		FC192225208BC67700B2F782 /* GameLogic.swift */ = {isa = PBXFileReference; lastKnownFileType = sourcecode.swift; path = GameLogic.swift; sourceTree = "<group>"; };
		FC192229208BF4F400B2F782 /* DataHandler.m */ = {isa = PBXFileReference; fileEncoding = 4; lastKnownFileType = sourcecode.c.objc; path = DataHandler.m; sourceTree = "<group>"; };
		FC19222A208BF4F400B2F782 /* Player.h */ = {isa = PBXFileReference; fileEncoding = 4; lastKnownFileType = sourcecode.c.h; path = Player.h; sourceTree = "<group>"; };
		FC19222B208BF4F400B2F782 /* UserCell.h */ = {isa = PBXFileReference; fileEncoding = 4; lastKnownFileType = sourcecode.c.h; path = UserCell.h; sourceTree = "<group>"; };
		FC19222C208BF4F400B2F782 /* DataHandler.h */ = {isa = PBXFileReference; fileEncoding = 4; lastKnownFileType = sourcecode.c.h; path = DataHandler.h; sourceTree = "<group>"; };
		FC19222D208BF4F400B2F782 /* UserCell.m */ = {isa = PBXFileReference; fileEncoding = 4; lastKnownFileType = sourcecode.c.objc; path = UserCell.m; sourceTree = "<group>"; };
		FC19222E208BF4F400B2F782 /* Player.m */ = {isa = PBXFileReference; fileEncoding = 4; lastKnownFileType = sourcecode.c.objc; path = Player.m; sourceTree = "<group>"; };
		FC192230208BF4F500B2F782 /* GameDatabase.db */ = {isa = PBXFileReference; lastKnownFileType = file; path = GameDatabase.db; sourceTree = "<group>"; };
		FC192236208BFC0000B2F782 /* AnimalRollers-Bridging-Header.h */ = {isa = PBXFileReference; lastKnownFileType = sourcecode.c.h; path = "AnimalRollers-Bridging-Header.h"; sourceTree = "<group>"; };
		FC690FDD208F80A5006E278D /* HapticFeedback.swift */ = {isa = PBXFileReference; fileEncoding = 4; lastKnownFileType = sourcecode.swift; path = HapticFeedback.swift; sourceTree = "<group>"; };
		FC690FE0208F896B006E278D /* pig.scn */ = {isa = PBXFileReference; lastKnownFileType = file.bplist; path = pig.scn; sourceTree = "<group>"; };
		FC690FE1208F896B006E278D /* pig.png */ = {isa = PBXFileReference; lastKnownFileType = image.png; path = pig.png; sourceTree = "<group>"; };
		FC690FE4208F8972006E278D /* AugmentedReality_VC.swift */ = {isa = PBXFileReference; fileEncoding = 4; lastKnownFileType = sourcecode.swift; path = AugmentedReality_VC.swift; sourceTree = "<group>"; };
		FC690FE6208F8ECD006E278D /* ComputerPlayerViewController.swift */ = {isa = PBXFileReference; lastKnownFileType = sourcecode.swift; path = ComputerPlayerViewController.swift; sourceTree = "<group>"; };
/* End PBXFileReference section */

/* Begin PBXFrameworksBuildPhase section */
		FC0C3625206AD27B00E1B0BA /* Frameworks */ = {
			isa = PBXFrameworksBuildPhase;
			buildActionMask = 2147483647;
			files = (
			);
			runOnlyForDeploymentPostprocessing = 0;
		};
/* End PBXFrameworksBuildPhase section */

/* Begin PBXGroup section */
		FC0C361F206AD27B00E1B0BA = {
			isa = PBXGroup;
			children = (
				FC0C362A206AD27B00E1B0BA /* AnimalRollers */,
				FC0C3629206AD27B00E1B0BA /* Products */,
			);
			sourceTree = "<group>";
		};
		FC0C3629206AD27B00E1B0BA /* Products */ = {
			isa = PBXGroup;
			children = (
				FC0C3628206AD27B00E1B0BA /* AnimalRollers.app */,
			);
			name = Products;
			sourceTree = "<group>";
		};
		FC0C362A206AD27B00E1B0BA /* AnimalRollers */ = {
			isa = PBXGroup;
			children = (
				FC690FDF208F896B006E278D /* ARContent */,
				FC19222F208BF4F500B2F782 /* Database */,
				FC192227208BF4F400B2F782 /* DataComponents-Obj-C */,
				FC0C3640206AD89E00E1B0BA /* Storyboards */,
				FC0C363F206AD87300E1B0BA /* Assets */,
				FC192205208BAF5800B2F782 /* View Controllers */,
				FC0C363D206AD84100E1B0BA /* Classes */,
				FC0C3632206AD27B00E1B0BA /* Assets.xcassets */,
				FC0C3637206AD27B00E1B0BA /* Info.plist */,
			);
			path = AnimalRollers;
			sourceTree = "<group>";
		};
		FC0C363D206AD84100E1B0BA /* Classes */ = {
			isa = PBXGroup;
			children = (
				FC690FDD208F80A5006E278D /* HapticFeedback.swift */,
				FC0C362B206AD27B00E1B0BA /* AppDelegate.swift */,
				FC192225208BC67700B2F782 /* GameLogic.swift */,
			);
			path = Classes;
			sourceTree = "<group>";
		};
		FC0C363F206AD87300E1B0BA /* Assets */ = {
			isa = PBXGroup;
			children = (
				FC0C3643206AD92F00E1B0BA /* Animals */,
				FC0C3642206AD91F00E1B0BA /* Audio */,
				FC0C3641206AD90F00E1B0BA /* Images */,
			);
			path = Assets;
			sourceTree = "<group>";
		};
		FC0C3640206AD89E00E1B0BA /* Storyboards */ = {
			isa = PBXGroup;
			children = (
				FC0C362F206AD27B00E1B0BA /* Homescreen.storyboard */,
				FC0C3634206AD27B00E1B0BA /* LaunchScreen.storyboard */,
			);
			path = Storyboards;
			sourceTree = "<group>";
		};
		FC0C3641206AD90F00E1B0BA /* Images */ = {
			isa = PBXGroup;
			children = (
				FC192218208BB4B500B2F782 /* GameScreenImg */,
			);
			path = Images;
			sourceTree = "<group>";
		};
		FC0C3642206AD91F00E1B0BA /* Audio */ = {
			isa = PBXGroup;
			children = (
			);
			path = Audio;
			sourceTree = "<group>";
		};
		FC0C3643206AD92F00E1B0BA /* Animals */ = {
			isa = PBXGroup;
			children = (
			);
			path = Animals;
			sourceTree = "<group>";
		};
		FC192205208BAF5800B2F782 /* View Controllers */ = {
			isa = PBXGroup;
			children = (
				FC690FE4208F8972006E278D /* AugmentedReality_VC.swift */,
				FC192206208BAFF400B2F782 /* HomeViewController.swift */,
				FC192216208BB3DF00B2F782 /* ScoreKeeperViewController.swift */,
				FC690FE6208F8ECD006E278D /* ComputerPlayerViewController.swift */,
			);
			path = "View Controllers";
			sourceTree = "<group>";
		};
		FC192218208BB4B500B2F782 /* GameScreenImg */ = {
			isa = PBXGroup;
			children = (
				FC192219208BBF9800B2F782 /* pig-1.png */,
				FC19221B208BBF9900B2F782 /* pig-2.png */,
				FC19221C208BBF9900B2F782 /* pig-3.png */,
				FC19221A208BBF9800B2F782 /* pig-4.png */,
				FC19221D208BBF9900B2F782 /* pig-5.png */,
				FC19221E208BBF9900B2F782 /* pig-6.png */,
			);
			path = GameScreenImg;
			sourceTree = "<group>";
		};
		FC192227208BF4F400B2F782 /* DataComponents-Obj-C */ = {
			isa = PBXGroup;
			children = (
				FC192229208BF4F400B2F782 /* DataHandler.m */,
				FC19222A208BF4F400B2F782 /* Player.h */,
				FC19222B208BF4F400B2F782 /* UserCell.h */,
				FC19222C208BF4F400B2F782 /* DataHandler.h */,
				FC19222D208BF4F400B2F782 /* UserCell.m */,
				FC19222E208BF4F400B2F782 /* Player.m */,
				FC192236208BFC0000B2F782 /* AnimalRollers-Bridging-Header.h */,
			);
			path = "DataComponents-Obj-C";
			sourceTree = "<group>";
		};
		FC19222F208BF4F500B2F782 /* Database */ = {
			isa = PBXGroup;
			children = (
				FC192230208BF4F500B2F782 /* GameDatabase.db */,
			);
			path = Database;
			sourceTree = "<group>";
		};
		FC690FDF208F896B006E278D /* ARContent */ = {
			isa = PBXGroup;
			children = (
				FC690FE0208F896B006E278D /* pig.scn */,
				FC690FE1208F896B006E278D /* pig.png */,
			);
			name = ARContent;
			path = Assets/ARContent;
			sourceTree = "<group>";
		};
/* End PBXGroup section */

/* Begin PBXNativeTarget section */
		FC0C3627206AD27B00E1B0BA /* AnimalRollers */ = {
			isa = PBXNativeTarget;
			buildConfigurationList = FC0C363A206AD27B00E1B0BA /* Build configuration list for PBXNativeTarget "AnimalRollers" */;
			buildPhases = (
				FC0C3624206AD27B00E1B0BA /* Sources */,
				FC0C3625206AD27B00E1B0BA /* Frameworks */,
				FC0C3626206AD27B00E1B0BA /* Resources */,
			);
			buildRules = (
			);
			dependencies = (
			);
			name = AnimalRollers;
			productName = AnimalRollers;
			productReference = FC0C3628206AD27B00E1B0BA /* AnimalRollers.app */;
			productType = "com.apple.product-type.application";
		};
/* End PBXNativeTarget section */

/* Begin PBXProject section */
		FC0C3620206AD27B00E1B0BA /* Project object */ = {
			isa = PBXProject;
			attributes = {
				LastSwiftUpdateCheck = 0920;
				LastUpgradeCheck = 0920;
				ORGANIZATIONNAME = GreyCodeGroup;
				TargetAttributes = {
					FC0C3627206AD27B00E1B0BA = {
						CreatedOnToolsVersion = 9.2;
						ProvisioningStyle = Automatic;
					};
				};
			};
			buildConfigurationList = FC0C3623206AD27B00E1B0BA /* Build configuration list for PBXProject "AnimalRollers" */;
			compatibilityVersion = "Xcode 8.0";
			developmentRegion = en;
			hasScannedForEncodings = 0;
			knownRegions = (
				en,
				Base,
			);
			mainGroup = FC0C361F206AD27B00E1B0BA;
			productRefGroup = FC0C3629206AD27B00E1B0BA /* Products */;
			projectDirPath = "";
			projectRoot = "";
			targets = (
				FC0C3627206AD27B00E1B0BA /* AnimalRollers */,
			);
		};
/* End PBXProject section */

/* Begin PBXResourcesBuildPhase section */
		FC0C3626206AD27B00E1B0BA /* Resources */ = {
			isa = PBXResourcesBuildPhase;
			buildActionMask = 2147483647;
			files = (
				FC0C3636206AD27B00E1B0BA /* LaunchScreen.storyboard in Resources */,
				FC192234208BF4F500B2F782 /* GameDatabase.db in Resources */,
				FC192224208BBF9900B2F782 /* pig-6.png in Resources */,
				FC19221F208BBF9900B2F782 /* pig-1.png in Resources */,
				FC0C3633206AD27B00E1B0BA /* Assets.xcassets in Resources */,
				FC0C3631206AD27B00E1B0BA /* Homescreen.storyboard in Resources */,
				FC192222208BBF9900B2F782 /* pig-3.png in Resources */,
				FC690FE3208F896B006E278D /* pig.png in Resources */,
				FC192223208BBF9900B2F782 /* pig-5.png in Resources */,
				FC690FE2208F896B006E278D /* pig.scn in Resources */,
				FC192220208BBF9900B2F782 /* pig-4.png in Resources */,
				FC192221208BBF9900B2F782 /* pig-2.png in Resources */,
			);
			runOnlyForDeploymentPostprocessing = 0;
		};
/* End PBXResourcesBuildPhase section */

/* Begin PBXSourcesBuildPhase section */
		FC0C3624206AD27B00E1B0BA /* Sources */ = {
			isa = PBXSourcesBuildPhase;
			buildActionMask = 2147483647;
			files = (
				FC690FE7208F8ECD006E278D /* ComputerPlayerViewController.swift in Sources */,
				FC690FE5208F8972006E278D /* AugmentedReality_VC.swift in Sources */,
				FC192231208BF4F500B2F782 /* DataHandler.m in Sources */,
				FC192217208BB3DF00B2F782 /* ScoreKeeperViewController.swift in Sources */,
				FC0C362C206AD27B00E1B0BA /* AppDelegate.swift in Sources */,
				FC192226208BC67700B2F782 /* GameLogic.swift in Sources */,
				FC192233208BF4F500B2F782 /* Player.m in Sources */,
				FC690FDE208F80A5006E278D /* HapticFeedback.swift in Sources */,
				FC192232208BF4F500B2F782 /* UserCell.m in Sources */,
				FC192207208BAFF400B2F782 /* HomeViewController.swift in Sources */,
			);
			runOnlyForDeploymentPostprocessing = 0;
		};
/* End PBXSourcesBuildPhase section */

/* Begin PBXVariantGroup section */
		FC0C362F206AD27B00E1B0BA /* Homescreen.storyboard */ = {
			isa = PBXVariantGroup;
			children = (
				FC0C3630206AD27B00E1B0BA /* Base */,
			);
			name = Homescreen.storyboard;
			sourceTree = "<group>";
		};
		FC0C3634206AD27B00E1B0BA /* LaunchScreen.storyboard */ = {
			isa = PBXVariantGroup;
			children = (
				FC0C3635206AD27B00E1B0BA /* Base */,
			);
			name = LaunchScreen.storyboard;
			sourceTree = "<group>";
		};
/* End PBXVariantGroup section */

/* Begin XCBuildConfiguration section */
		FC0C3638206AD27B00E1B0BA /* Debug */ = {
			isa = XCBuildConfiguration;
			buildSettings = {
				ALWAYS_SEARCH_USER_PATHS = NO;
				CLANG_ANALYZER_NONNULL = YES;
				CLANG_ANALYZER_NUMBER_OBJECT_CONVERSION = YES_AGGRESSIVE;
				CLANG_CXX_LANGUAGE_STANDARD = "gnu++14";
				CLANG_CXX_LIBRARY = "libc++";
				CLANG_ENABLE_MODULES = YES;
				CLANG_ENABLE_OBJC_ARC = YES;
				CLANG_WARN_BLOCK_CAPTURE_AUTORELEASING = YES;
				CLANG_WARN_BOOL_CONVERSION = YES;
				CLANG_WARN_COMMA = YES;
				CLANG_WARN_CONSTANT_CONVERSION = YES;
				CLANG_WARN_DIRECT_OBJC_ISA_USAGE = YES_ERROR;
				CLANG_WARN_DOCUMENTATION_COMMENTS = YES;
				CLANG_WARN_EMPTY_BODY = YES;
				CLANG_WARN_ENUM_CONVERSION = YES;
				CLANG_WARN_INFINITE_RECURSION = YES;
				CLANG_WARN_INT_CONVERSION = YES;
				CLANG_WARN_NON_LITERAL_NULL_CONVERSION = YES;
				CLANG_WARN_OBJC_LITERAL_CONVERSION = YES;
				CLANG_WARN_OBJC_ROOT_CLASS = YES_ERROR;
				CLANG_WARN_RANGE_LOOP_ANALYSIS = YES;
				CLANG_WARN_STRICT_PROTOTYPES = YES;
				CLANG_WARN_SUSPICIOUS_MOVE = YES;
				CLANG_WARN_UNGUARDED_AVAILABILITY = YES_AGGRESSIVE;
				CLANG_WARN_UNREACHABLE_CODE = YES;
				CLANG_WARN__DUPLICATE_METHOD_MATCH = YES;
				CODE_SIGN_IDENTITY = "iPhone Developer";
				COPY_PHASE_STRIP = NO;
				DEBUG_INFORMATION_FORMAT = dwarf;
				ENABLE_STRICT_OBJC_MSGSEND = YES;
				ENABLE_TESTABILITY = YES;
				GCC_C_LANGUAGE_STANDARD = gnu11;
				GCC_DYNAMIC_NO_PIC = NO;
				GCC_NO_COMMON_BLOCKS = YES;
				GCC_OPTIMIZATION_LEVEL = 0;
				GCC_PREPROCESSOR_DEFINITIONS = (
					"DEBUG=1",
					"$(inherited)",
				);
				GCC_WARN_64_TO_32_BIT_CONVERSION = YES;
				GCC_WARN_ABOUT_RETURN_TYPE = YES_ERROR;
				GCC_WARN_UNDECLARED_SELECTOR = YES;
				GCC_WARN_UNINITIALIZED_AUTOS = YES_AGGRESSIVE;
				GCC_WARN_UNUSED_FUNCTION = YES;
				GCC_WARN_UNUSED_VARIABLE = YES;
				IPHONEOS_DEPLOYMENT_TARGET = 11.2;
				MTL_ENABLE_DEBUG_INFO = YES;
				ONLY_ACTIVE_ARCH = YES;
				SDKROOT = iphoneos;
				SWIFT_ACTIVE_COMPILATION_CONDITIONS = DEBUG;
				SWIFT_OPTIMIZATION_LEVEL = "-Onone";
			};
			name = Debug;
		};
		FC0C3639206AD27B00E1B0BA /* Release */ = {
			isa = XCBuildConfiguration;
			buildSettings = {
				ALWAYS_SEARCH_USER_PATHS = NO;
				CLANG_ANALYZER_NONNULL = YES;
				CLANG_ANALYZER_NUMBER_OBJECT_CONVERSION = YES_AGGRESSIVE;
				CLANG_CXX_LANGUAGE_STANDARD = "gnu++14";
				CLANG_CXX_LIBRARY = "libc++";
				CLANG_ENABLE_MODULES = YES;
				CLANG_ENABLE_OBJC_ARC = YES;
				CLANG_WARN_BLOCK_CAPTURE_AUTORELEASING = YES;
				CLANG_WARN_BOOL_CONVERSION = YES;
				CLANG_WARN_COMMA = YES;
				CLANG_WARN_CONSTANT_CONVERSION = YES;
				CLANG_WARN_DIRECT_OBJC_ISA_USAGE = YES_ERROR;
				CLANG_WARN_DOCUMENTATION_COMMENTS = YES;
				CLANG_WARN_EMPTY_BODY = YES;
				CLANG_WARN_ENUM_CONVERSION = YES;
				CLANG_WARN_INFINITE_RECURSION = YES;
				CLANG_WARN_INT_CONVERSION = YES;
				CLANG_WARN_NON_LITERAL_NULL_CONVERSION = YES;
				CLANG_WARN_OBJC_LITERAL_CONVERSION = YES;
				CLANG_WARN_OBJC_ROOT_CLASS = YES_ERROR;
				CLANG_WARN_RANGE_LOOP_ANALYSIS = YES;
				CLANG_WARN_STRICT_PROTOTYPES = YES;
				CLANG_WARN_SUSPICIOUS_MOVE = YES;
				CLANG_WARN_UNGUARDED_AVAILABILITY = YES_AGGRESSIVE;
				CLANG_WARN_UNREACHABLE_CODE = YES;
				CLANG_WARN__DUPLICATE_METHOD_MATCH = YES;
				CODE_SIGN_IDENTITY = "iPhone Developer";
				COPY_PHASE_STRIP = NO;
				DEBUG_INFORMATION_FORMAT = "dwarf-with-dsym";
				ENABLE_NS_ASSERTIONS = NO;
				ENABLE_STRICT_OBJC_MSGSEND = YES;
				GCC_C_LANGUAGE_STANDARD = gnu11;
				GCC_NO_COMMON_BLOCKS = YES;
				GCC_WARN_64_TO_32_BIT_CONVERSION = YES;
				GCC_WARN_ABOUT_RETURN_TYPE = YES_ERROR;
				GCC_WARN_UNDECLARED_SELECTOR = YES;
				GCC_WARN_UNINITIALIZED_AUTOS = YES_AGGRESSIVE;
				GCC_WARN_UNUSED_FUNCTION = YES;
				GCC_WARN_UNUSED_VARIABLE = YES;
				IPHONEOS_DEPLOYMENT_TARGET = 11.2;
				MTL_ENABLE_DEBUG_INFO = NO;
				SDKROOT = iphoneos;
				SWIFT_OPTIMIZATION_LEVEL = "-Owholemodule";
				VALIDATE_PRODUCT = YES;
			};
			name = Release;
		};
		FC0C363B206AD27B00E1B0BA /* Debug */ = {
			isa = XCBuildConfiguration;
			buildSettings = {
				ASSETCATALOG_COMPILER_APPICON_NAME = AppIcon;
				CODE_SIGN_IDENTITY = "iPhone Developer";
				CODE_SIGN_STYLE = Automatic;
				DEVELOPMENT_TEAM = W28JC3BNH3;
				INFOPLIST_FILE = AnimalRollers/Info.plist;
				LD_RUNPATH_SEARCH_PATHS = "$(inherited) @executable_path/Frameworks";
				PRODUCT_BUNDLE_IDENTIFIER = com.greycodegroup.AnimalRollers;
				PRODUCT_NAME = "$(TARGET_NAME)";
				PROVISIONING_PROFILE_SPECIFIER = "";
				SWIFT_OBJC_BRIDGING_HEADER = "AnimalRollers/DataComponents-Obj-C/AnimalRollers-Bridging-Header.h";
				SWIFT_VERSION = 4.0;
				TARGETED_DEVICE_FAMILY = 1;
			};
			name = Debug;
		};
		FC0C363C206AD27B00E1B0BA /* Release */ = {
			isa = XCBuildConfiguration;
			buildSettings = {
				ASSETCATALOG_COMPILER_APPICON_NAME = AppIcon;
				CODE_SIGN_IDENTITY = "iPhone Developer";
				CODE_SIGN_STYLE = Automatic;
				DEVELOPMENT_TEAM = W28JC3BNH3;
				INFOPLIST_FILE = AnimalRollers/Info.plist;
				LD_RUNPATH_SEARCH_PATHS = "$(inherited) @executable_path/Frameworks";
				PRODUCT_BUNDLE_IDENTIFIER = com.greycodegroup.AnimalRollers;
				PRODUCT_NAME = "$(TARGET_NAME)";
				PROVISIONING_PROFILE_SPECIFIER = "";
				SWIFT_OBJC_BRIDGING_HEADER = "AnimalRollers/DataComponents-Obj-C/AnimalRollers-Bridging-Header.h";
				SWIFT_VERSION = 4.0;
				TARGETED_DEVICE_FAMILY = 1;
			};
			name = Release;
		};
/* End XCBuildConfiguration section */

/* Begin XCConfigurationList section */
		FC0C3623206AD27B00E1B0BA /* Build configuration list for PBXProject "AnimalRollers" */ = {
			isa = XCConfigurationList;
			buildConfigurations = (
				FC0C3638206AD27B00E1B0BA /* Debug */,
				FC0C3639206AD27B00E1B0BA /* Release */,
			);
			defaultConfigurationIsVisible = 0;
			defaultConfigurationName = Release;
		};
		FC0C363A206AD27B00E1B0BA /* Build configuration list for PBXNativeTarget "AnimalRollers" */ = {
			isa = XCConfigurationList;
			buildConfigurations = (
				FC0C363B206AD27B00E1B0BA /* Debug */,
				FC0C363C206AD27B00E1B0BA /* Release */,
			);
			defaultConfigurationIsVisible = 0;
			defaultConfigurationName = Release;
		};
/* End XCConfigurationList section */
	};
	rootObject = FC0C3620206AD27B00E1B0BA /* Project object */;
}
